
Microsoft Visual Studio Solution File, Format Version 12.00
# Visual Studio Version 16
VisualStudioVersion = 16.0.30517.126
MinimumVisualStudioVersion = 10.0.40219.1
Project("{FAE04EC0-301F-11D3-BF4B-00C04F79EFBC}") = "CadastroVeiculos", "CadastroVeiculos\CadastroVeiculos.csproj", "{BC8F63EE-FB64-4979-B659-AC8607A1E7BD}"
EndProject
Global
	GlobalSection(SolutionConfigurationPlatforms) = preSolution
		Debug|Any CPU = Debug|Any CPU
		Release|Any CPU = Release|Any CPU
	EndGlobalSection
	GlobalSection(ProjectConfigurationPlatforms) = postSolution
		{BC8F63EE-FB64-4979-B659-AC8607A1E7BD}.Debug|Any CPU.ActiveCfg = Debug|Any CPU
		{BC8F63EE-FB64-4979-B659-AC8607A1E7BD}.Debug|Any CPU.Build.0 = Debug|Any CPU
		{BC8F63EE-FB64-4979-B659-AC8607A1E7BD}.Release|Any CPU.ActiveCfg = Release|Any CPU
		{BC8F63EE-FB64-4979-B659-AC8607A1E7BD}.Release|Any CPU.Build.0 = Release|Any CPU
	EndGlobalSection
	GlobalSection(SolutionProperties) = preSolution
		HideSolutionNode = FALSE
	EndGlobalSection
	GlobalSection(ExtensibilityGlobals) = postSolution
		SolutionGuid = {FB2CCE3B-92F6-4B76-9974-DB840128CB77}
	EndGlobalSection
EndGlobal
